
Microsoft Visual Studio Solution File, Format Version 12.00
# Visual Studio Version 17
VisualStudioVersion = 17.5.33502.453
MinimumVisualStudioVersion = 10.0.40219.1
Project("{9A19103F-16F7-4668-BE54-9A1E7A4F7556}") = "TakealotShoppingCart", "TakealotShoppingCart\TakealotShoppingCart.csproj", "{A871DF60-1AAD-45D2-BA9D-DD07D11C7419}"
EndProject
Project("{FAE04EC0-301F-11D3-BF4B-00C04F79EFBC}") = "TakealotShoppingCart.Tests", "TakealotShoppingCart.Tests\TakealotShoppingCart.Tests.csproj", "{817AE067-FC0F-42D3-BC9F-DFFD57B9CF15}"
EndProject
Global
	GlobalSection(SolutionConfigurationPlatforms) = preSolution
		Debug|Any CPU = Debug|Any CPU
		Release|Any CPU = Release|Any CPU
	EndGlobalSection
	GlobalSection(ProjectConfigurationPlatforms) = postSolution
		{A871DF60-1AAD-45D2-BA9D-DD07D11C7419}.Debug|Any CPU.ActiveCfg = Debug|Any CPU
		{A871DF60-1AAD-45D2-BA9D-DD07D11C7419}.Debug|Any CPU.Build.0 = Debug|Any CPU
		{A871DF60-1AAD-45D2-BA9D-DD07D11C7419}.Release|Any CPU.ActiveCfg = Release|Any CPU
		{A871DF60-1AAD-45D2-BA9D-DD07D11C7419}.Release|Any CPU.Build.0 = Release|Any CPU
		{817AE067-FC0F-42D3-BC9F-DFFD57B9CF15}.Debug|Any CPU.ActiveCfg = Debug|Any CPU
		{817AE067-FC0F-42D3-BC9F-DFFD57B9CF15}.Debug|Any CPU.Build.0 = Debug|Any CPU
		{817AE067-FC0F-42D3-BC9F-DFFD57B9CF15}.Release|Any CPU.ActiveCfg = Release|Any CPU
		{817AE067-FC0F-42D3-BC9F-DFFD57B9CF15}.Release|Any CPU.Build.0 = Release|Any CPU
	EndGlobalSection
	GlobalSection(SolutionProperties) = preSolution
		HideSolutionNode = FALSE
	EndGlobalSection
	GlobalSection(ExtensibilityGlobals) = postSolution
		SolutionGuid = {F81E919D-AE58-446A-8B70-6B69B14AA045}
	EndGlobalSection
EndGlobal
